
Microsoft Visual Studio Solution File, Format Version 12.00
# Visual Studio Version 17
VisualStudioVersion = 17.2.32519.379
MinimumVisualStudioVersion = 10.0.40219.1
Project("{FAE04EC0-301F-11D3-BF4B-00C04F79EFBC}") = "KeyPressApp", "KeyPressApp.csproj", "{70F17317-CD2C-4DF6-AE2E-7D08BF0DBFB9}"
EndProject
Global
	GlobalSection(SolutionConfigurationPlatforms) = preSolution
		Debug|Any CPU = Debug|Any CPU
		Release|Any CPU = Release|Any CPU
	EndGlobalSection
	GlobalSection(ProjectConfigurationPlatforms) = postSolution
		{70F17317-CD2C-4DF6-AE2E-7D08BF0DBFB9}.Debug|Any CPU.ActiveCfg = Debug|Any CPU
		{70F17317-CD2C-4DF6-AE2E-7D08BF0DBFB9}.Debug|Any CPU.Build.0 = Debug|Any CPU
		{70F17317-CD2C-4DF6-AE2E-7D08BF0DBFB9}.Release|Any CPU.ActiveCfg = Release|Any CPU
		{70F17317-CD2C-4DF6-AE2E-7D08BF0DBFB9}.Release|Any CPU.Build.0 = Release|Any CPU
	EndGlobalSection
	GlobalSection(SolutionProperties) = preSolution
		HideSolutionNode = FALSE
	EndGlobalSection
	GlobalSection(ExtensibilityGlobals) = postSolution
		SolutionGuid = {237F5065-57B4-4775-B033-8A57AFDF7399}
	EndGlobalSection
EndGlobal
